
Microsoft Visual Studio Solution File, Format Version 12.00
# Visual Studio 2012
Project("{8BC9CEB8-8B4A-11D0-8D11-00A0C91BC942}") = "CGBufferClasses", "CGDBuffers\CGDBuffers_VS2012.vcxproj", "{3C8C6131-20B7-4B89-AC00-0BADD8D413A6}"
EndProject
Project("{8BC9CEB8-8B4A-11D0-8D11-00A0C91BC942}") = "CGDBuffers_UnitTest_Functional", "CGDBuffers_UnitTest_Functional\CGDBuffers_UnitTest_Functional_VS2012.vcxproj", "{9EE669E8-3B03-4221-92CB-93AB39B34707}"
EndProject
Project("{8BC9CEB8-8B4A-11D0-8D11-00A0C91BC942}") = "CGDBuffers_UniTest_Performance", "CGDBuffers_UniTest_Performance\CGDBuffers_UniTest_Performance_VS2012.vcxproj", "{8BCD6002-D23E-4BDC-BB84-BDB4B48A50EE}"
EndProject
Global
	GlobalSection(SolutionConfigurationPlatforms) = preSolution
		Debug|Win32 = Debug|Win32
		Debug|x64 = Debug|x64
		Release|Win32 = Release|Win32
		Release|x64 = Release|x64
	EndGlobalSection
	GlobalSection(ProjectConfigurationPlatforms) = postSolution
		{3C8C6131-20B7-4B89-AC00-0BADD8D413A6}.Debug|Win32.ActiveCfg = Debug|Win32
		{3C8C6131-20B7-4B89-AC00-0BADD8D413A6}.Debug|x64.ActiveCfg = Debug|x64
		{3C8C6131-20B7-4B89-AC00-0BADD8D413A6}.Release|Win32.ActiveCfg = Release|Win32
		{3C8C6131-20B7-4B89-AC00-0BADD8D413A6}.Release|x64.ActiveCfg = Release|x64
		{9EE669E8-3B03-4221-92CB-93AB39B34707}.Debug|Win32.ActiveCfg = Debug|Win32
		{9EE669E8-3B03-4221-92CB-93AB39B34707}.Debug|Win32.Build.0 = Debug|Win32
		{9EE669E8-3B03-4221-92CB-93AB39B34707}.Debug|x64.ActiveCfg = Debug|x64
		{9EE669E8-3B03-4221-92CB-93AB39B34707}.Debug|x64.Build.0 = Debug|x64
		{9EE669E8-3B03-4221-92CB-93AB39B34707}.Release|Win32.ActiveCfg = Release|Win32
		{9EE669E8-3B03-4221-92CB-93AB39B34707}.Release|Win32.Build.0 = Release|Win32
		{9EE669E8-3B03-4221-92CB-93AB39B34707}.Release|x64.ActiveCfg = Release|x64
		{9EE669E8-3B03-4221-92CB-93AB39B34707}.Release|x64.Build.0 = Release|x64
		{8BCD6002-D23E-4BDC-BB84-BDB4B48A50EE}.Debug|Win32.ActiveCfg = Debug|Win32
		{8BCD6002-D23E-4BDC-BB84-BDB4B48A50EE}.Debug|Win32.Build.0 = Debug|Win32
		{8BCD6002-D23E-4BDC-BB84-BDB4B48A50EE}.Debug|x64.ActiveCfg = Debug|x64
		{8BCD6002-D23E-4BDC-BB84-BDB4B48A50EE}.Debug|x64.Build.0 = Debug|x64
		{8BCD6002-D23E-4BDC-BB84-BDB4B48A50EE}.Release|Win32.ActiveCfg = Release|Win32
		{8BCD6002-D23E-4BDC-BB84-BDB4B48A50EE}.Release|Win32.Build.0 = Release|Win32
		{8BCD6002-D23E-4BDC-BB84-BDB4B48A50EE}.Release|x64.ActiveCfg = Release|x64
		{8BCD6002-D23E-4BDC-BB84-BDB4B48A50EE}.Release|x64.Build.0 = Release|x64
	EndGlobalSection
	GlobalSection(SolutionProperties) = preSolution
		HideSolutionNode = FALSE
	EndGlobalSection
EndGlobal
