
Microsoft Visual Studio Solution File, Format Version 12.00
# Visual Studio Version 16
VisualStudioVersion = 16.0.29519.181
MinimumVisualStudioVersion = 10.0.40219.1
Project("{FAE04EC0-301F-11D3-BF4B-00C04F79EFBC}") = "eaxmple.01", "example.01\eaxmple.01.csproj", "{EB723FC3-D1D4-46B7-93F4-3D492D14D9C0}"
EndProject
Global
	GlobalSection(SolutionConfigurationPlatforms) = preSolution
		Debug|Any CPU = Debug|Any CPU
		Release|Any CPU = Release|Any CPU
	EndGlobalSection
	GlobalSection(ProjectConfigurationPlatforms) = postSolution
		{EB723FC3-D1D4-46B7-93F4-3D492D14D9C0}.Debug|Any CPU.ActiveCfg = Debug|Any CPU
		{EB723FC3-D1D4-46B7-93F4-3D492D14D9C0}.Debug|Any CPU.Build.0 = Debug|Any CPU
		{EB723FC3-D1D4-46B7-93F4-3D492D14D9C0}.Release|Any CPU.ActiveCfg = Release|Any CPU
		{EB723FC3-D1D4-46B7-93F4-3D492D14D9C0}.Release|Any CPU.Build.0 = Release|Any CPU
	EndGlobalSection
	GlobalSection(SolutionProperties) = preSolution
		HideSolutionNode = FALSE
	EndGlobalSection
	GlobalSection(ExtensibilityGlobals) = postSolution
		SolutionGuid = {36E3EF7B-E179-46DE-8CAD-7F4215AC48B5}
	EndGlobalSection
EndGlobal
