
Microsoft Visual Studio Solution File, Format Version 12.00
# Visual Studio Version 17
VisualStudioVersion = 17.0.31912.275
MinimumVisualStudioVersion = 10.0.40219.1
Project("{FAE04EC0-301F-11D3-BF4B-00C04F79EFBC}") = "CGDK.buffer.unit_test.performance.NET.framework", "unit_test.performance.CGDK\NET.framework\CGDK.buffer.unit_test.performance.NET.framework.csproj", "{A72A28BE-5D6B-4A86-B601-A9EB1E11FB47}"
EndProject
Project("{FAE04EC0-301F-11D3-BF4B-00C04F79EFBC}") = "CGDK.buffer.unit_test.performance_protobuf-net.NET.framework", "unit_test.performance.protobuf-net\NET.framework\CGDK.buffer.unit_test.performance_protobuf-net.NET.framework.csproj", "{3333FFCF-891C-43B9-9497-E590843D0E0A}"
EndProject
Project("{FAE04EC0-301F-11D3-BF4B-00C04F79EFBC}") = "CGDK.buffer.unit_test.functional.NET.framework", "unit_test.functional\NET.framework\CGDK.buffer.unit_test.functional.NET.framework.csproj", "{02DE1B82-279B-4CFB-A177-07DBB7353A4C}"
EndProject
Global
	GlobalSection(SolutionConfigurationPlatforms) = preSolution
		Debug|Any CPU = Debug|Any CPU
		Debug|x64 = Debug|x64
		Release|Any CPU = Release|Any CPU
		Release|x64 = Release|x64
	EndGlobalSection
	GlobalSection(ProjectConfigurationPlatforms) = postSolution
		{A72A28BE-5D6B-4A86-B601-A9EB1E11FB47}.Debug|Any CPU.ActiveCfg = Debug|Any CPU
		{A72A28BE-5D6B-4A86-B601-A9EB1E11FB47}.Debug|Any CPU.Build.0 = Debug|Any CPU
		{A72A28BE-5D6B-4A86-B601-A9EB1E11FB47}.Debug|x64.ActiveCfg = Debug|x64
		{A72A28BE-5D6B-4A86-B601-A9EB1E11FB47}.Debug|x64.Build.0 = Debug|x64
		{A72A28BE-5D6B-4A86-B601-A9EB1E11FB47}.Release|Any CPU.ActiveCfg = Release|Any CPU
		{A72A28BE-5D6B-4A86-B601-A9EB1E11FB47}.Release|Any CPU.Build.0 = Release|Any CPU
		{A72A28BE-5D6B-4A86-B601-A9EB1E11FB47}.Release|x64.ActiveCfg = Release|x64
		{A72A28BE-5D6B-4A86-B601-A9EB1E11FB47}.Release|x64.Build.0 = Release|x64
		{3333FFCF-891C-43B9-9497-E590843D0E0A}.Debug|Any CPU.ActiveCfg = Debug|Any CPU
		{3333FFCF-891C-43B9-9497-E590843D0E0A}.Debug|Any CPU.Build.0 = Debug|Any CPU
		{3333FFCF-891C-43B9-9497-E590843D0E0A}.Debug|x64.ActiveCfg = Debug|x64
		{3333FFCF-891C-43B9-9497-E590843D0E0A}.Debug|x64.Build.0 = Debug|x64
		{3333FFCF-891C-43B9-9497-E590843D0E0A}.Release|Any CPU.ActiveCfg = Release|Any CPU
		{3333FFCF-891C-43B9-9497-E590843D0E0A}.Release|Any CPU.Build.0 = Release|Any CPU
		{3333FFCF-891C-43B9-9497-E590843D0E0A}.Release|x64.ActiveCfg = Release|x64
		{3333FFCF-891C-43B9-9497-E590843D0E0A}.Release|x64.Build.0 = Release|x64
		{02DE1B82-279B-4CFB-A177-07DBB7353A4C}.Debug|Any CPU.ActiveCfg = Debug|Any CPU
		{02DE1B82-279B-4CFB-A177-07DBB7353A4C}.Debug|Any CPU.Build.0 = Debug|Any CPU
		{02DE1B82-279B-4CFB-A177-07DBB7353A4C}.Debug|x64.ActiveCfg = Debug|x64
		{02DE1B82-279B-4CFB-A177-07DBB7353A4C}.Debug|x64.Build.0 = Debug|x64
		{02DE1B82-279B-4CFB-A177-07DBB7353A4C}.Release|Any CPU.ActiveCfg = Release|Any CPU
		{02DE1B82-279B-4CFB-A177-07DBB7353A4C}.Release|Any CPU.Build.0 = Release|Any CPU
		{02DE1B82-279B-4CFB-A177-07DBB7353A4C}.Release|x64.ActiveCfg = Release|x64
		{02DE1B82-279B-4CFB-A177-07DBB7353A4C}.Release|x64.Build.0 = Release|x64
	EndGlobalSection
	GlobalSection(SolutionProperties) = preSolution
		HideSolutionNode = FALSE
	EndGlobalSection
	GlobalSection(ExtensibilityGlobals) = postSolution
		SolutionGuid = {C17070B4-16EB-4E46-A52A-DDA2843FBF3D}
	EndGlobalSection
EndGlobal
