<?xml version="1.0" encoding="utf-8"?>
<Project ToolsVersion="4.0" xmlns="http://schemas.microsoft.com/developer/msbuild/2003">
  <ItemGroup>
    <ClCompile Include="pch.cpp" />
    <ClCompile Include="protobuf\messages_test.pb.cc">
      <Filter>protobuf</Filter>
    </ClCompile>
    <ClCompile Include="test_cgdk.cpp" />
    <ClCompile Include="test_protobuf.cpp" />
  </ItemGroup>
  <ItemGroup>
    <ClInclude Include="pch.h" />
    <ClInclude Include="protobuf\messages_test.pb.h">
      <Filter>protobuf</Filter>
    </ClInclude>
  </ItemGroup>
  <ItemGroup>
    <None Include="packages.config" />
    <None Include="protobuf\messages_test.proto">
      <Filter>protobuf</Filter>
    </None>
  </ItemGroup>
  <ItemGroup>
    <Text Include="CMakeLists.txt" />
  </ItemGroup>
  <ItemGroup>
    <Filter Include="protobuf">
      <UniqueIdentifier>{74c59f67-abe9-4ad2-93a9-32405ee97e95}</UniqueIdentifier>
    </Filter>
  </ItemGroup>
</Project>