
Microsoft Visual Studio Solution File, Format Version 12.00
# Visual Studio 2012
Project("{FAE04EC0-301F-11D3-BF4B-00C04F79EFBC}") = "CGDbuffers(for CSharp)", "Buffers\CGDbuffers(for CSharp).csproj", "{96708A0F-81A0-4C8B-A646-7E19060B85C8}"
EndProject
Project("{FAE04EC0-301F-11D3-BF4B-00C04F79EFBC}") = "UnitTest_Functional", "UnitTest_Functional\UnitTest_Functional.csproj", "{02DE1B82-279B-4CFB-A177-07DBB7353A4C}"
	ProjectSection(ProjectDependencies) = postProject
		{96708A0F-81A0-4C8B-A646-7E19060B85C8} = {96708A0F-81A0-4C8B-A646-7E19060B85C8}
	EndProjectSection
EndProject
Project("{FAE04EC0-301F-11D3-BF4B-00C04F79EFBC}") = "UnitTest_Performance", "UnitTest_Performance\UnitTest_Performance.csproj", "{A72A28BE-5D6B-4A86-B601-A9EB1E11FB47}"
	ProjectSection(ProjectDependencies) = postProject
		{96708A0F-81A0-4C8B-A646-7E19060B85C8} = {96708A0F-81A0-4C8B-A646-7E19060B85C8}
	EndProjectSection
EndProject
Global
	GlobalSection(SolutionConfigurationPlatforms) = preSolution
		Debug|Any CPU = Debug|Any CPU
		Debug|x64 = Debug|x64
		Release|Any CPU = Release|Any CPU
		Release|x64 = Release|x64
	EndGlobalSection
	GlobalSection(ProjectConfigurationPlatforms) = postSolution
		{96708A0F-81A0-4C8B-A646-7E19060B85C8}.Debug|Any CPU.ActiveCfg = Debug|Any CPU
		{96708A0F-81A0-4C8B-A646-7E19060B85C8}.Debug|Any CPU.Build.0 = Debug|Any CPU
		{96708A0F-81A0-4C8B-A646-7E19060B85C8}.Debug|x64.ActiveCfg = Debug|x64
		{96708A0F-81A0-4C8B-A646-7E19060B85C8}.Debug|x64.Build.0 = Debug|x64
		{96708A0F-81A0-4C8B-A646-7E19060B85C8}.Release|Any CPU.ActiveCfg = Release|Any CPU
		{96708A0F-81A0-4C8B-A646-7E19060B85C8}.Release|Any CPU.Build.0 = Release|Any CPU
		{96708A0F-81A0-4C8B-A646-7E19060B85C8}.Release|x64.ActiveCfg = Release|x64
		{96708A0F-81A0-4C8B-A646-7E19060B85C8}.Release|x64.Build.0 = Release|x64
		{02DE1B82-279B-4CFB-A177-07DBB7353A4C}.Debug|Any CPU.ActiveCfg = Debug|Any CPU
		{02DE1B82-279B-4CFB-A177-07DBB7353A4C}.Debug|Any CPU.Build.0 = Debug|Any CPU
		{02DE1B82-279B-4CFB-A177-07DBB7353A4C}.Debug|x64.ActiveCfg = Debug|x64
		{02DE1B82-279B-4CFB-A177-07DBB7353A4C}.Debug|x64.Build.0 = Debug|x64
		{02DE1B82-279B-4CFB-A177-07DBB7353A4C}.Release|Any CPU.ActiveCfg = Release|Any CPU
		{02DE1B82-279B-4CFB-A177-07DBB7353A4C}.Release|Any CPU.Build.0 = Release|Any CPU
		{02DE1B82-279B-4CFB-A177-07DBB7353A4C}.Release|x64.ActiveCfg = Release|x64
		{02DE1B82-279B-4CFB-A177-07DBB7353A4C}.Release|x64.Build.0 = Release|x64
		{A72A28BE-5D6B-4A86-B601-A9EB1E11FB47}.Debug|Any CPU.ActiveCfg = Debug|Any CPU
		{A72A28BE-5D6B-4A86-B601-A9EB1E11FB47}.Debug|Any CPU.Build.0 = Debug|Any CPU
		{A72A28BE-5D6B-4A86-B601-A9EB1E11FB47}.Debug|x64.ActiveCfg = Debug|x64
		{A72A28BE-5D6B-4A86-B601-A9EB1E11FB47}.Debug|x64.Build.0 = Debug|x64
		{A72A28BE-5D6B-4A86-B601-A9EB1E11FB47}.Release|Any CPU.ActiveCfg = Release|Any CPU
		{A72A28BE-5D6B-4A86-B601-A9EB1E11FB47}.Release|Any CPU.Build.0 = Release|Any CPU
		{A72A28BE-5D6B-4A86-B601-A9EB1E11FB47}.Release|x64.ActiveCfg = Release|x64
		{A72A28BE-5D6B-4A86-B601-A9EB1E11FB47}.Release|x64.Build.0 = Release|x64
	EndGlobalSection
	GlobalSection(SolutionProperties) = preSolution
		HideSolutionNode = FALSE
	EndGlobalSection
EndGlobal
