
Microsoft Visual Studio Solution File, Format Version 12.00
# Visual Studio Version 17
VisualStudioVersion = 17.2.32616.157
MinimumVisualStudioVersion = 10.0.40219.1
Project("{9A19103F-16F7-4668-BE54-9A1E7A4F7556}") = "CGDK10.buffer.NET", "buffer.NET\CGDK10.buffer.NET.csproj", "{AB23C59E-11E8-4788-B31E-31137CDD0DDB}"
EndProject
Global
	GlobalSection(SolutionConfigurationPlatforms) = preSolution
		Debug|Any CPU = Debug|Any CPU
		Debug|x64 = Debug|x64
		Release|Any CPU = Release|Any CPU
		Release|x64 = Release|x64
	EndGlobalSection
	GlobalSection(ProjectConfigurationPlatforms) = postSolution
		{AB23C59E-11E8-4788-B31E-31137CDD0DDB}.Debug|Any CPU.ActiveCfg = Debug|Any CPU
		{AB23C59E-11E8-4788-B31E-31137CDD0DDB}.Debug|Any CPU.Build.0 = Debug|Any CPU
		{AB23C59E-11E8-4788-B31E-31137CDD0DDB}.Debug|x64.ActiveCfg = Debug|x64
		{AB23C59E-11E8-4788-B31E-31137CDD0DDB}.Debug|x64.Build.0 = Debug|x64
		{AB23C59E-11E8-4788-B31E-31137CDD0DDB}.Release|Any CPU.ActiveCfg = Release|Any CPU
		{AB23C59E-11E8-4788-B31E-31137CDD0DDB}.Release|Any CPU.Build.0 = Release|Any CPU
		{AB23C59E-11E8-4788-B31E-31137CDD0DDB}.Release|x64.ActiveCfg = Release|x64
		{AB23C59E-11E8-4788-B31E-31137CDD0DDB}.Release|x64.Build.0 = Release|x64
	EndGlobalSection
	GlobalSection(SolutionProperties) = preSolution
		HideSolutionNode = FALSE
	EndGlobalSection
	GlobalSection(ExtensibilityGlobals) = postSolution
		SolutionGuid = {764A3190-AB9C-4EC4-B3F2-D8D252AB5689}
	EndGlobalSection
EndGlobal
