
Microsoft Visual Studio Solution File, Format Version 12.00
# Visual Studio Version 17
VisualStudioVersion = 17.2.32616.157
MinimumVisualStudioVersion = 10.0.40219.1
Project("{9A19103F-16F7-4668-BE54-9A1E7A4F7556}") = "CGDK.buffer.NET", "buffer.NET\CGDK.buffer.NET.csproj", "{7EADFE77-3545-4EC2-831E-0C6AB9C9F6F0}"
EndProject
Project("{9A19103F-16F7-4668-BE54-9A1E7A4F7556}") = "CGDK.buffer.Generator", "CGDK.buffer.Generator\CGDK.buffer.Generator.csproj", "{2D9A77C5-ABEF-41A7-9BCE-7BE15751BF46}"
EndProject
Project("{9A19103F-16F7-4668-BE54-9A1E7A4F7556}") = "CGDK.buffer.unit_test.performance.CGDK.NET", "..\unit_test\unit_test.performance.CGDK\NET\CGDK.buffer.unit_test.performance.CGDK.NET.csproj", "{D2B6FEC0-289F-4424-BC1D-DB5B43AC829E}"
EndProject
Project("{D954291E-2A0B-460D-934E-DC6B0785DB48}") = "CGDK.buffer.unit_test.performance.CGDK", "..\unit_test\unit_test.performance.CGDK\CGDK.buffer.unit_test.performance.CGDK.shproj", "{047D3A5B-4233-4E5D-A5DA-B6A6389D962C}"
EndProject
Global
	GlobalSection(SolutionConfigurationPlatforms) = preSolution
		Debug|Any CPU = Debug|Any CPU
		Debug|x64 = Debug|x64
		Release|Any CPU = Release|Any CPU
		Release|x64 = Release|x64
	EndGlobalSection
	GlobalSection(ProjectConfigurationPlatforms) = postSolution
		{7EADFE77-3545-4EC2-831E-0C6AB9C9F6F0}.Debug|Any CPU.ActiveCfg = Debug|Any CPU
		{7EADFE77-3545-4EC2-831E-0C6AB9C9F6F0}.Debug|Any CPU.Build.0 = Debug|Any CPU
		{7EADFE77-3545-4EC2-831E-0C6AB9C9F6F0}.Debug|x64.ActiveCfg = Debug|x64
		{7EADFE77-3545-4EC2-831E-0C6AB9C9F6F0}.Debug|x64.Build.0 = Debug|x64
		{7EADFE77-3545-4EC2-831E-0C6AB9C9F6F0}.Release|Any CPU.ActiveCfg = Release|Any CPU
		{7EADFE77-3545-4EC2-831E-0C6AB9C9F6F0}.Release|Any CPU.Build.0 = Release|Any CPU
		{7EADFE77-3545-4EC2-831E-0C6AB9C9F6F0}.Release|x64.ActiveCfg = Release|x64
		{7EADFE77-3545-4EC2-831E-0C6AB9C9F6F0}.Release|x64.Build.0 = Release|x64
		{2D9A77C5-ABEF-41A7-9BCE-7BE15751BF46}.Debug|Any CPU.ActiveCfg = Debug|Any CPU
		{2D9A77C5-ABEF-41A7-9BCE-7BE15751BF46}.Debug|Any CPU.Build.0 = Debug|Any CPU
		{2D9A77C5-ABEF-41A7-9BCE-7BE15751BF46}.Debug|x64.ActiveCfg = Debug|Any CPU
		{2D9A77C5-ABEF-41A7-9BCE-7BE15751BF46}.Debug|x64.Build.0 = Debug|Any CPU
		{2D9A77C5-ABEF-41A7-9BCE-7BE15751BF46}.Release|Any CPU.ActiveCfg = Release|Any CPU
		{2D9A77C5-ABEF-41A7-9BCE-7BE15751BF46}.Release|Any CPU.Build.0 = Release|Any CPU
		{2D9A77C5-ABEF-41A7-9BCE-7BE15751BF46}.Release|x64.ActiveCfg = Release|Any CPU
		{2D9A77C5-ABEF-41A7-9BCE-7BE15751BF46}.Release|x64.Build.0 = Release|Any CPU
		{D2B6FEC0-289F-4424-BC1D-DB5B43AC829E}.Debug|Any CPU.ActiveCfg = Debug|Any CPU
		{D2B6FEC0-289F-4424-BC1D-DB5B43AC829E}.Debug|Any CPU.Build.0 = Debug|Any CPU
		{D2B6FEC0-289F-4424-BC1D-DB5B43AC829E}.Debug|x64.ActiveCfg = Debug|Any CPU
		{D2B6FEC0-289F-4424-BC1D-DB5B43AC829E}.Debug|x64.Build.0 = Debug|Any CPU
		{D2B6FEC0-289F-4424-BC1D-DB5B43AC829E}.Release|Any CPU.ActiveCfg = Release|Any CPU
		{D2B6FEC0-289F-4424-BC1D-DB5B43AC829E}.Release|Any CPU.Build.0 = Release|Any CPU
		{D2B6FEC0-289F-4424-BC1D-DB5B43AC829E}.Release|x64.ActiveCfg = Release|Any CPU
		{D2B6FEC0-289F-4424-BC1D-DB5B43AC829E}.Release|x64.Build.0 = Release|Any CPU
	EndGlobalSection
	GlobalSection(SolutionProperties) = preSolution
		HideSolutionNode = FALSE
	EndGlobalSection
	GlobalSection(ExtensibilityGlobals) = postSolution
		SolutionGuid = {764A3190-AB9C-4EC4-B3F2-D8D252AB5689}
	EndGlobalSection
	GlobalSection(SharedMSBuildProjectFiles) = preSolution
		..\unit_test\unit_test.performance.CGDK\CGDK.buffer.unit_test.performance.CGDK.projitems*{047d3a5b-4233-4e5d-a5da-b6a6389d962c}*SharedItemsImports = 13
		..\unit_test\unit_test.performance.CGDK\CGDK.buffer.unit_test.performance.CGDK.projitems*{d2b6fec0-289f-4424-bc1d-db5b43ac829e}*SharedItemsImports = 5
	EndGlobalSection
EndGlobal
