
Microsoft Visual Studio Solution File, Format Version 12.00
# Visual Studio Version 17
VisualStudioVersion = 17.8.34316.72
MinimumVisualStudioVersion = 10.0.40219.1
Project("{9A19103F-16F7-4668-BE54-9A1E7A4F7556}") = "example", "example.01\example.csproj", "{FC4C6DC1-D581-48BF-B04F-712A23A84EE2}"
EndProject
Global
	GlobalSection(SolutionConfigurationPlatforms) = preSolution
		Debug|Any CPU = Debug|Any CPU
		Release|Any CPU = Release|Any CPU
	EndGlobalSection
	GlobalSection(ProjectConfigurationPlatforms) = postSolution
		{FC4C6DC1-D581-48BF-B04F-712A23A84EE2}.Debug|Any CPU.ActiveCfg = Debug|Any CPU
		{FC4C6DC1-D581-48BF-B04F-712A23A84EE2}.Debug|Any CPU.Build.0 = Debug|Any CPU
		{FC4C6DC1-D581-48BF-B04F-712A23A84EE2}.Release|Any CPU.ActiveCfg = Release|Any CPU
		{FC4C6DC1-D581-48BF-B04F-712A23A84EE2}.Release|Any CPU.Build.0 = Release|Any CPU
	EndGlobalSection
	GlobalSection(SolutionProperties) = preSolution
		HideSolutionNode = FALSE
	EndGlobalSection
	GlobalSection(ExtensibilityGlobals) = postSolution
		SolutionGuid = {E752038E-729C-4A7B-8A64-56E4BDF0D8AF}
	EndGlobalSection
EndGlobal
